
Microsoft Visual Studio Solution File, Format Version 12.00
# Visual Studio 2013
VisualStudioVersion = 12.0.40629.0
MinimumVisualStudioVersion = 10.0.40219.1
Project("{2150E333-8FDC-42A3-9474-1A3956D46DE8}") = "tests", "tests", "{AD239571-D08D-4790-9939-90D09DC10341}"
EndProject
Project("{8BC9CEB8-8B4A-11D0-8D11-00A0C91BC942}") = "libpcre2-8", "libpcre2-8\libpcre2-8.vcxproj", "{65C28DA0-C6AA-4EDE-A3C5-C3AB84903EAE}"
EndProject
Project("{8BC9CEB8-8B4A-11D0-8D11-00A0C91BC942}") = "libpcre2-8-static", "libpcre2-8-static\libpcre2-8-static.vcxproj", "{C89ACB6C-128C-49D9-8C26-0A3F880D37A0}"
EndProject
Project("{8BC9CEB8-8B4A-11D0-8D11-00A0C91BC942}") = "pcre2_jit_test", "tests\pcre2_jit_test\pcre2_jit_test.vcxproj", "{867B8CB9-C973-47FF-9E56-AE392616C820}"
	ProjectSection(ProjectDependencies) = postProject
		{3D8FA6CF-E57D-4BC6-970D-5A2A089A6776} = {3D8FA6CF-E57D-4BC6-970D-5A2A089A6776}
		{65C28DA0-C6AA-4EDE-A3C5-C3AB84903EAE} = {65C28DA0-C6AA-4EDE-A3C5-C3AB84903EAE}
		{75C4348B-B530-4A23-8260-B19C1DCF5953} = {75C4348B-B530-4A23-8260-B19C1DCF5953}
		{D9334453-C4C5-4499-82FF-BD96E5A4F247} = {D9334453-C4C5-4499-82FF-BD96E5A4F247}
	EndProjectSection
EndProject
Project("{8BC9CEB8-8B4A-11D0-8D11-00A0C91BC942}") = "pcre2_jit_test-static", "tests\pcre2_jit_test-static\pcre2_jit_test-static.vcxproj", "{0F69E1B6-A049-466F-89C9-E045E401F846}"
	ProjectSection(ProjectDependencies) = postProject
		{1F05FE88-8A8C-453F-A6D0-00C75DDFD15A} = {1F05FE88-8A8C-453F-A6D0-00C75DDFD15A}
		{70697B06-3A08-4A44-BBB2-E87A54ED5DBC} = {70697B06-3A08-4A44-BBB2-E87A54ED5DBC}
		{7E1EC0E1-7C48-47AE-B38D-8F0F7E65E2B9} = {7E1EC0E1-7C48-47AE-B38D-8F0F7E65E2B9}
		{C89ACB6C-128C-49D9-8C26-0A3F880D37A0} = {C89ACB6C-128C-49D9-8C26-0A3F880D37A0}
	EndProjectSection
EndProject
Project("{8BC9CEB8-8B4A-11D0-8D11-00A0C91BC942}") = "pcre2test", "tests\pcre2test\pcre2test.vcxproj", "{34723478-8CFE-4856-86EC-DACB427E1C82}"
	ProjectSection(ProjectDependencies) = postProject
		{3D8FA6CF-E57D-4BC6-970D-5A2A089A6776} = {3D8FA6CF-E57D-4BC6-970D-5A2A089A6776}
		{65C28DA0-C6AA-4EDE-A3C5-C3AB84903EAE} = {65C28DA0-C6AA-4EDE-A3C5-C3AB84903EAE}
		{75C4348B-B530-4A23-8260-B19C1DCF5953} = {75C4348B-B530-4A23-8260-B19C1DCF5953}
		{D9334453-C4C5-4499-82FF-BD96E5A4F247} = {D9334453-C4C5-4499-82FF-BD96E5A4F247}
	EndProjectSection
EndProject
Project("{8BC9CEB8-8B4A-11D0-8D11-00A0C91BC942}") = "pcre2test-static", "tests\pcre2test-static\pcre2test-static.vcxproj", "{D2FF9DB5-2087-4832-9298-93A98E175A2E}"
	ProjectSection(ProjectDependencies) = postProject
		{1F05FE88-8A8C-453F-A6D0-00C75DDFD15A} = {1F05FE88-8A8C-453F-A6D0-00C75DDFD15A}
		{70697B06-3A08-4A44-BBB2-E87A54ED5DBC} = {70697B06-3A08-4A44-BBB2-E87A54ED5DBC}
		{7E1EC0E1-7C48-47AE-B38D-8F0F7E65E2B9} = {7E1EC0E1-7C48-47AE-B38D-8F0F7E65E2B9}
		{C89ACB6C-128C-49D9-8C26-0A3F880D37A0} = {C89ACB6C-128C-49D9-8C26-0A3F880D37A0}
	EndProjectSection
EndProject
Project("{8BC9CEB8-8B4A-11D0-8D11-00A0C91BC942}") = "libpcre2-16", "libpcre2-16\libpcre2-16.vcxproj", "{D9334453-C4C5-4499-82FF-BD96E5A4F247}"
EndProject
Project("{8BC9CEB8-8B4A-11D0-8D11-00A0C91BC942}") = "libpcre2-16-static", "libpcre2-16-static\libpcre2-16-static.vcxproj", "{1F05FE88-8A8C-453F-A6D0-00C75DDFD15A}"
EndProject
Project("{8BC9CEB8-8B4A-11D0-8D11-00A0C91BC942}") = "libpcre2-32", "libpcre2-32\libpcre2-32.vcxproj", "{3D8FA6CF-E57D-4BC6-970D-5A2A089A6776}"
EndProject
Project("{8BC9CEB8-8B4A-11D0-8D11-00A0C91BC942}") = "libpcre2-32-static", "libpcre2-32-static\libpcre2-32-static.vcxproj", "{7E1EC0E1-7C48-47AE-B38D-8F0F7E65E2B9}"
EndProject
Project("{8BC9CEB8-8B4A-11D0-8D11-00A0C91BC942}") = "libpcre2-posix", "libpcre2-posix\libpcre2-posix.vcxproj", "{75C4348B-B530-4A23-8260-B19C1DCF5953}"
	ProjectSection(ProjectDependencies) = postProject
		{65C28DA0-C6AA-4EDE-A3C5-C3AB84903EAE} = {65C28DA0-C6AA-4EDE-A3C5-C3AB84903EAE}
	EndProjectSection
EndProject
Project("{8BC9CEB8-8B4A-11D0-8D11-00A0C91BC942}") = "libpcre2-posix-static", "libpcre2-posix-static\libpcre2-posix-static.vcxproj", "{70697B06-3A08-4A44-BBB2-E87A54ED5DBC}"
	ProjectSection(ProjectDependencies) = postProject
		{C89ACB6C-128C-49D9-8C26-0A3F880D37A0} = {C89ACB6C-128C-49D9-8C26-0A3F880D37A0}
	EndProjectSection
EndProject
Project("{8BC9CEB8-8B4A-11D0-8D11-00A0C91BC942}") = "pcre2grep", "pcre2grep\pcre2grep.vcxproj", "{DB40F74D-5AE8-43D2-8F85-1FCE15EFA1AA}"
	ProjectSection(ProjectDependencies) = postProject
		{65C28DA0-C6AA-4EDE-A3C5-C3AB84903EAE} = {65C28DA0-C6AA-4EDE-A3C5-C3AB84903EAE}
	EndProjectSection
EndProject
Project("{8BC9CEB8-8B4A-11D0-8D11-00A0C91BC942}") = "pcre2grep-static", "pcre2grep-static\pcre2grep-static.vcxproj", "{FC53079C-7555-401E-A27C-45F9009F78A2}"
	ProjectSection(ProjectDependencies) = postProject
		{C89ACB6C-128C-49D9-8C26-0A3F880D37A0} = {C89ACB6C-128C-49D9-8C26-0A3F880D37A0}
	EndProjectSection
EndProject
Project("{8BC9CEB8-8B4A-11D0-8D11-00A0C91BC942}") = "pcre2posix_test", "tests\pcre2posix_test\pcre2posix_test.vcxproj", "{798FF2D0-D594-425A-8066-F558079FEE95}"
	ProjectSection(ProjectDependencies) = postProject
		{3D8FA6CF-E57D-4BC6-970D-5A2A089A6776} = {3D8FA6CF-E57D-4BC6-970D-5A2A089A6776}
		{65C28DA0-C6AA-4EDE-A3C5-C3AB84903EAE} = {65C28DA0-C6AA-4EDE-A3C5-C3AB84903EAE}
		{75C4348B-B530-4A23-8260-B19C1DCF5953} = {75C4348B-B530-4A23-8260-B19C1DCF5953}
		{D9334453-C4C5-4499-82FF-BD96E5A4F247} = {D9334453-C4C5-4499-82FF-BD96E5A4F247}
	EndProjectSection
EndProject
Project("{8BC9CEB8-8B4A-11D0-8D11-00A0C91BC942}") = "pcre2posix_test-static", "tests\pcre2posix_test-static\pcre2posix_test-static.vcxproj", "{280DC87A-55BC-4DB3-8B5E-1AE1F08A5017}"
	ProjectSection(ProjectDependencies) = postProject
		{1F05FE88-8A8C-453F-A6D0-00C75DDFD15A} = {1F05FE88-8A8C-453F-A6D0-00C75DDFD15A}
		{70697B06-3A08-4A44-BBB2-E87A54ED5DBC} = {70697B06-3A08-4A44-BBB2-E87A54ED5DBC}
		{7E1EC0E1-7C48-47AE-B38D-8F0F7E65E2B9} = {7E1EC0E1-7C48-47AE-B38D-8F0F7E65E2B9}
		{C89ACB6C-128C-49D9-8C26-0A3F880D37A0} = {C89ACB6C-128C-49D9-8C26-0A3F880D37A0}
	EndProjectSection
EndProject
Global
	GlobalSection(SolutionConfigurationPlatforms) = preSolution
		Debug|Win32 = Debug|Win32
		Debug|x64 = Debug|x64
		Release|Win32 = Release|Win32
		Release|x64 = Release|x64
	EndGlobalSection
	GlobalSection(ProjectConfigurationPlatforms) = postSolution
		{65C28DA0-C6AA-4EDE-A3C5-C3AB84903EAE}.Debug|Win32.ActiveCfg = Debug|Win32
		{65C28DA0-C6AA-4EDE-A3C5-C3AB84903EAE}.Debug|Win32.Build.0 = Debug|Win32
		{65C28DA0-C6AA-4EDE-A3C5-C3AB84903EAE}.Debug|x64.ActiveCfg = Debug|x64
		{65C28DA0-C6AA-4EDE-A3C5-C3AB84903EAE}.Debug|x64.Build.0 = Debug|x64
		{65C28DA0-C6AA-4EDE-A3C5-C3AB84903EAE}.Release|Win32.ActiveCfg = Release|Win32
		{65C28DA0-C6AA-4EDE-A3C5-C3AB84903EAE}.Release|Win32.Build.0 = Release|Win32
		{65C28DA0-C6AA-4EDE-A3C5-C3AB84903EAE}.Release|x64.ActiveCfg = Release|x64
		{65C28DA0-C6AA-4EDE-A3C5-C3AB84903EAE}.Release|x64.Build.0 = Release|x64
		{C89ACB6C-128C-49D9-8C26-0A3F880D37A0}.Debug|Win32.ActiveCfg = Debug|Win32
		{C89ACB6C-128C-49D9-8C26-0A3F880D37A0}.Debug|Win32.Build.0 = Debug|Win32
		{C89ACB6C-128C-49D9-8C26-0A3F880D37A0}.Debug|x64.ActiveCfg = Debug|x64
		{C89ACB6C-128C-49D9-8C26-0A3F880D37A0}.Debug|x64.Build.0 = Debug|x64
		{C89ACB6C-128C-49D9-8C26-0A3F880D37A0}.Release|Win32.ActiveCfg = Release|Win32
		{C89ACB6C-128C-49D9-8C26-0A3F880D37A0}.Release|Win32.Build.0 = Release|Win32
		{C89ACB6C-128C-49D9-8C26-0A3F880D37A0}.Release|x64.ActiveCfg = Release|x64
		{C89ACB6C-128C-49D9-8C26-0A3F880D37A0}.Release|x64.Build.0 = Release|x64
		{867B8CB9-C973-47FF-9E56-AE392616C820}.Debug|Win32.ActiveCfg = Debug|Win32
		{867B8CB9-C973-47FF-9E56-AE392616C820}.Debug|Win32.Build.0 = Debug|Win32
		{867B8CB9-C973-47FF-9E56-AE392616C820}.Debug|x64.ActiveCfg = Debug|x64
		{867B8CB9-C973-47FF-9E56-AE392616C820}.Debug|x64.Build.0 = Debug|x64
		{867B8CB9-C973-47FF-9E56-AE392616C820}.Release|Win32.ActiveCfg = Release|Win32
		{867B8CB9-C973-47FF-9E56-AE392616C820}.Release|Win32.Build.0 = Release|Win32
		{867B8CB9-C973-47FF-9E56-AE392616C820}.Release|x64.ActiveCfg = Release|x64
		{867B8CB9-C973-47FF-9E56-AE392616C820}.Release|x64.Build.0 = Release|x64
		{0F69E1B6-A049-466F-89C9-E045E401F846}.Debug|Win32.ActiveCfg = Debug|Win32
		{0F69E1B6-A049-466F-89C9-E045E401F846}.Debug|Win32.Build.0 = Debug|Win32
		{0F69E1B6-A049-466F-89C9-E045E401F846}.Debug|x64.ActiveCfg = Debug|x64
		{0F69E1B6-A049-466F-89C9-E045E401F846}.Debug|x64.Build.0 = Debug|x64
		{0F69E1B6-A049-466F-89C9-E045E401F846}.Release|Win32.ActiveCfg = Release|Win32
		{0F69E1B6-A049-466F-89C9-E045E401F846}.Release|Win32.Build.0 = Release|Win32
		{0F69E1B6-A049-466F-89C9-E045E401F846}.Release|x64.ActiveCfg = Release|x64
		{0F69E1B6-A049-466F-89C9-E045E401F846}.Release|x64.Build.0 = Release|x64
		{34723478-8CFE-4856-86EC-DACB427E1C82}.Debug|Win32.ActiveCfg = Debug|Win32
		{34723478-8CFE-4856-86EC-DACB427E1C82}.Debug|Win32.Build.0 = Debug|Win32
		{34723478-8CFE-4856-86EC-DACB427E1C82}.Debug|x64.ActiveCfg = Debug|x64
		{34723478-8CFE-4856-86EC-DACB427E1C82}.Debug|x64.Build.0 = Debug|x64
		{34723478-8CFE-4856-86EC-DACB427E1C82}.Release|Win32.ActiveCfg = Release|Win32
		{34723478-8CFE-4856-86EC-DACB427E1C82}.Release|Win32.Build.0 = Release|Win32
		{34723478-8CFE-4856-86EC-DACB427E1C82}.Release|x64.ActiveCfg = Release|x64
		{34723478-8CFE-4856-86EC-DACB427E1C82}.Release|x64.Build.0 = Release|x64
		{D2FF9DB5-2087-4832-9298-93A98E175A2E}.Debug|Win32.ActiveCfg = Debug|Win32
		{D2FF9DB5-2087-4832-9298-93A98E175A2E}.Debug|Win32.Build.0 = Debug|Win32
		{D2FF9DB5-2087-4832-9298-93A98E175A2E}.Debug|x64.ActiveCfg = Debug|x64
		{D2FF9DB5-2087-4832-9298-93A98E175A2E}.Debug|x64.Build.0 = Debug|x64
		{D2FF9DB5-2087-4832-9298-93A98E175A2E}.Release|Win32.ActiveCfg = Release|Win32
		{D2FF9DB5-2087-4832-9298-93A98E175A2E}.Release|Win32.Build.0 = Release|Win32
		{D2FF9DB5-2087-4832-9298-93A98E175A2E}.Release|x64.ActiveCfg = Release|x64
		{D2FF9DB5-2087-4832-9298-93A98E175A2E}.Release|x64.Build.0 = Release|x64
		{D9334453-C4C5-4499-82FF-BD96E5A4F247}.Debug|Win32.ActiveCfg = Debug|Win32
		{D9334453-C4C5-4499-82FF-BD96E5A4F247}.Debug|Win32.Build.0 = Debug|Win32
		{D9334453-C4C5-4499-82FF-BD96E5A4F247}.Debug|x64.ActiveCfg = Debug|x64
		{D9334453-C4C5-4499-82FF-BD96E5A4F247}.Debug|x64.Build.0 = Debug|x64
		{D9334453-C4C5-4499-82FF-BD96E5A4F247}.Release|Win32.ActiveCfg = Release|Win32
		{D9334453-C4C5-4499-82FF-BD96E5A4F247}.Release|Win32.Build.0 = Release|Win32
		{D9334453-C4C5-4499-82FF-BD96E5A4F247}.Release|x64.ActiveCfg = Release|x64
		{D9334453-C4C5-4499-82FF-BD96E5A4F247}.Release|x64.Build.0 = Release|x64
		{1F05FE88-8A8C-453F-A6D0-00C75DDFD15A}.Debug|Win32.ActiveCfg = Debug|Win32
		{1F05FE88-8A8C-453F-A6D0-00C75DDFD15A}.Debug|Win32.Build.0 = Debug|Win32
		{1F05FE88-8A8C-453F-A6D0-00C75DDFD15A}.Debug|x64.ActiveCfg = Debug|x64
		{1F05FE88-8A8C-453F-A6D0-00C75DDFD15A}.Debug|x64.Build.0 = Debug|x64
		{1F05FE88-8A8C-453F-A6D0-00C75DDFD15A}.Release|Win32.ActiveCfg = Release|Win32
		{1F05FE88-8A8C-453F-A6D0-00C75DDFD15A}.Release|Win32.Build.0 = Release|Win32
		{1F05FE88-8A8C-453F-A6D0-00C75DDFD15A}.Release|x64.ActiveCfg = Release|x64
		{1F05FE88-8A8C-453F-A6D0-00C75DDFD15A}.Release|x64.Build.0 = Release|x64
		{3D8FA6CF-E57D-4BC6-970D-5A2A089A6776}.Debug|Win32.ActiveCfg = Debug|Win32
		{3D8FA6CF-E57D-4BC6-970D-5A2A089A6776}.Debug|Win32.Build.0 = Debug|Win32
		{3D8FA6CF-E57D-4BC6-970D-5A2A089A6776}.Debug|x64.ActiveCfg = Debug|x64
		{3D8FA6CF-E57D-4BC6-970D-5A2A089A6776}.Debug|x64.Build.0 = Debug|x64
		{3D8FA6CF-E57D-4BC6-970D-5A2A089A6776}.Release|Win32.ActiveCfg = Release|Win32
		{3D8FA6CF-E57D-4BC6-970D-5A2A089A6776}.Release|Win32.Build.0 = Release|Win32
		{3D8FA6CF-E57D-4BC6-970D-5A2A089A6776}.Release|x64.ActiveCfg = Release|x64
		{3D8FA6CF-E57D-4BC6-970D-5A2A089A6776}.Release|x64.Build.0 = Release|x64
		{7E1EC0E1-7C48-47AE-B38D-8F0F7E65E2B9}.Debug|Win32.ActiveCfg = Debug|Win32
		{7E1EC0E1-7C48-47AE-B38D-8F0F7E65E2B9}.Debug|Win32.Build.0 = Debug|Win32
		{7E1EC0E1-7C48-47AE-B38D-8F0F7E65E2B9}.Debug|x64.ActiveCfg = Debug|x64
		{7E1EC0E1-7C48-47AE-B38D-8F0F7E65E2B9}.Debug|x64.Build.0 = Debug|x64
		{7E1EC0E1-7C48-47AE-B38D-8F0F7E65E2B9}.Release|Win32.ActiveCfg = Release|Win32
		{7E1EC0E1-7C48-47AE-B38D-8F0F7E65E2B9}.Release|Win32.Build.0 = Release|Win32
		{7E1EC0E1-7C48-47AE-B38D-8F0F7E65E2B9}.Release|x64.ActiveCfg = Release|x64
		{7E1EC0E1-7C48-47AE-B38D-8F0F7E65E2B9}.Release|x64.Build.0 = Release|x64
		{75C4348B-B530-4A23-8260-B19C1DCF5953}.Debug|Win32.ActiveCfg = Debug|Win32
		{75C4348B-B530-4A23-8260-B19C1DCF5953}.Debug|Win32.Build.0 = Debug|Win32
		{75C4348B-B530-4A23-8260-B19C1DCF5953}.Debug|x64.ActiveCfg = Debug|x64
		{75C4348B-B530-4A23-8260-B19C1DCF5953}.Debug|x64.Build.0 = Debug|x64
		{75C4348B-B530-4A23-8260-B19C1DCF5953}.Release|Win32.ActiveCfg = Release|Win32
		{75C4348B-B530-4A23-8260-B19C1DCF5953}.Release|Win32.Build.0 = Release|Win32
		{75C4348B-B530-4A23-8260-B19C1DCF5953}.Release|x64.ActiveCfg = Release|x64
		{75C4348B-B530-4A23-8260-B19C1DCF5953}.Release|x64.Build.0 = Release|x64
		{70697B06-3A08-4A44-BBB2-E87A54ED5DBC}.Debug|Win32.ActiveCfg = Debug|Win32
		{70697B06-3A08-4A44-BBB2-E87A54ED5DBC}.Debug|Win32.Build.0 = Debug|Win32
		{70697B06-3A08-4A44-BBB2-E87A54ED5DBC}.Debug|x64.ActiveCfg = Debug|x64
		{70697B06-3A08-4A44-BBB2-E87A54ED5DBC}.Debug|x64.Build.0 = Debug|x64
		{70697B06-3A08-4A44-BBB2-E87A54ED5DBC}.Release|Win32.ActiveCfg = Release|Win32
		{70697B06-3A08-4A44-BBB2-E87A54ED5DBC}.Release|Win32.Build.0 = Release|Win32
		{70697B06-3A08-4A44-BBB2-E87A54ED5DBC}.Release|x64.ActiveCfg = Release|x64
		{70697B06-3A08-4A44-BBB2-E87A54ED5DBC}.Release|x64.Build.0 = Release|x64
		{DB40F74D-5AE8-43D2-8F85-1FCE15EFA1AA}.Debug|Win32.ActiveCfg = Debug|Win32
		{DB40F74D-5AE8-43D2-8F85-1FCE15EFA1AA}.Debug|Win32.Build.0 = Debug|Win32
		{DB40F74D-5AE8-43D2-8F85-1FCE15EFA1AA}.Debug|x64.ActiveCfg = Debug|x64
		{DB40F74D-5AE8-43D2-8F85-1FCE15EFA1AA}.Debug|x64.Build.0 = Debug|x64
		{DB40F74D-5AE8-43D2-8F85-1FCE15EFA1AA}.Release|Win32.ActiveCfg = Release|Win32
		{DB40F74D-5AE8-43D2-8F85-1FCE15EFA1AA}.Release|Win32.Build.0 = Release|Win32
		{DB40F74D-5AE8-43D2-8F85-1FCE15EFA1AA}.Release|x64.ActiveCfg = Release|x64
		{DB40F74D-5AE8-43D2-8F85-1FCE15EFA1AA}.Release|x64.Build.0 = Release|x64
		{FC53079C-7555-401E-A27C-45F9009F78A2}.Debug|Win32.ActiveCfg = Debug|Win32
		{FC53079C-7555-401E-A27C-45F9009F78A2}.Debug|Win32.Build.0 = Debug|Win32
		{FC53079C-7555-401E-A27C-45F9009F78A2}.Debug|x64.ActiveCfg = Debug|x64
		{FC53079C-7555-401E-A27C-45F9009F78A2}.Debug|x64.Build.0 = Debug|x64
		{FC53079C-7555-401E-A27C-45F9009F78A2}.Release|Win32.ActiveCfg = Release|Win32
		{FC53079C-7555-401E-A27C-45F9009F78A2}.Release|Win32.Build.0 = Release|Win32
		{FC53079C-7555-401E-A27C-45F9009F78A2}.Release|x64.ActiveCfg = Release|x64
		{FC53079C-7555-401E-A27C-45F9009F78A2}.Release|x64.Build.0 = Release|x64
		{798FF2D0-D594-425A-8066-F558079FEE95}.Debug|Win32.ActiveCfg = Debug|Win32
		{798FF2D0-D594-425A-8066-F558079FEE95}.Debug|Win32.Build.0 = Debug|Win32
		{798FF2D0-D594-425A-8066-F558079FEE95}.Debug|x64.ActiveCfg = Debug|x64
		{798FF2D0-D594-425A-8066-F558079FEE95}.Debug|x64.Build.0 = Debug|x64
		{798FF2D0-D594-425A-8066-F558079FEE95}.Release|Win32.ActiveCfg = Release|Win32
		{798FF2D0-D594-425A-8066-F558079FEE95}.Release|Win32.Build.0 = Release|Win32
		{798FF2D0-D594-425A-8066-F558079FEE95}.Release|x64.ActiveCfg = Release|x64
		{798FF2D0-D594-425A-8066-F558079FEE95}.Release|x64.Build.0 = Release|x64
		{280DC87A-55BC-4DB3-8B5E-1AE1F08A5017}.Debug|Win32.ActiveCfg = Debug|Win32
		{280DC87A-55BC-4DB3-8B5E-1AE1F08A5017}.Debug|Win32.Build.0 = Debug|Win32
		{280DC87A-55BC-4DB3-8B5E-1AE1F08A5017}.Debug|x64.ActiveCfg = Debug|x64
		{280DC87A-55BC-4DB3-8B5E-1AE1F08A5017}.Debug|x64.Build.0 = Debug|x64
		{280DC87A-55BC-4DB3-8B5E-1AE1F08A5017}.Release|Win32.ActiveCfg = Release|Win32
		{280DC87A-55BC-4DB3-8B5E-1AE1F08A5017}.Release|Win32.Build.0 = Release|Win32
		{280DC87A-55BC-4DB3-8B5E-1AE1F08A5017}.Release|x64.ActiveCfg = Release|x64
		{280DC87A-55BC-4DB3-8B5E-1AE1F08A5017}.Release|x64.Build.0 = Release|x64
	EndGlobalSection
	GlobalSection(SolutionProperties) = preSolution
		HideSolutionNode = FALSE
	EndGlobalSection
	GlobalSection(NestedProjects) = preSolution
		{867B8CB9-C973-47FF-9E56-AE392616C820} = {AD239571-D08D-4790-9939-90D09DC10341}
		{0F69E1B6-A049-466F-89C9-E045E401F846} = {AD239571-D08D-4790-9939-90D09DC10341}
		{34723478-8CFE-4856-86EC-DACB427E1C82} = {AD239571-D08D-4790-9939-90D09DC10341}
		{D2FF9DB5-2087-4832-9298-93A98E175A2E} = {AD239571-D08D-4790-9939-90D09DC10341}
		{798FF2D0-D594-425A-8066-F558079FEE95} = {AD239571-D08D-4790-9939-90D09DC10341}
		{280DC87A-55BC-4DB3-8B5E-1AE1F08A5017} = {AD239571-D08D-4790-9939-90D09DC10341}
	EndGlobalSection
EndGlobal
